// !$*UTF8*$!
{
	archiveVersion = 1;
	classes = {
	};
	objectVersion = 56;
	objects = {

/* Begin PBXBuildFile section */
		788DE0E3293EBB7800F8A9E8 /* saver_with_metalView.h in Headers */ = {isa = PBXBuildFile; fileRef = 788DE0E2293EBB7800F8A9E8 /* saver_with_metalView.h */; };
		788DE0E5293EBB7800F8A9E8 /* saver_with_metalView.m in Sources */ = {isa = PBXBuildFile; fileRef = 788DE0E4293EBB7800F8A9E8 /* saver_with_metalView.m */; };
		788DE0ED293EBB8800F8A9E8 /* Metal.framework in Frameworks */ = {isa = PBXBuildFile; fileRef = 788DE0EC293EBB8800F8A9E8 /* Metal.framework */; };
		788DE0EF293EBB8F00F8A9E8 /* ScreenSaver.framework in Frameworks */ = {isa = PBXBuildFile; fileRef = 788DE0EE293EBB8F00F8A9E8 /* ScreenSaver.framework */; };
		788DE0F4293EBC1300F8A9E8 /* MetalAdder.m in Sources */ = {isa = PBXBuildFile; fileRef = 788DE0F2293EBC1300F8A9E8 /* MetalAdder.m */; };
		788DE0F5293EBC1300F8A9E8 /* MetalAdder.h in Headers */ = {isa = PBXBuildFile; fileRef = 788DE0F3293EBC1300F8A9E8 /* MetalAdder.h */; };
		788DE101293ED05900F8A9E8 /* add.metal in Sources */ = {isa = PBXBuildFile; fileRef = 788DE0F0293EBBF200F8A9E8 /* add.metal */; };
/* End PBXBuildFile section */

/* Begin PBXFileReference section */
		788DE0DF293EBB7800F8A9E8 /* saver_with_metal.saver */ = {isa = PBXFileReference; explicitFileType = wrapper.cfbundle; includeInIndex = 0; path = saver_with_metal.saver; sourceTree = BUILT_PRODUCTS_DIR; };
		788DE0E2293EBB7800F8A9E8 /* saver_with_metalView.h */ = {isa = PBXFileReference; lastKnownFileType = sourcecode.c.h; path = saver_with_metalView.h; sourceTree = "<group>"; };
		788DE0E4293EBB7800F8A9E8 /* saver_with_metalView.m */ = {isa = PBXFileReference; lastKnownFileType = sourcecode.c.objc; path = saver_with_metalView.m; sourceTree = "<group>"; };
		788DE0EC293EBB8800F8A9E8 /* Metal.framework */ = {isa = PBXFileReference; lastKnownFileType = wrapper.framework; name = Metal.framework; path = System/Library/Frameworks/Metal.framework; sourceTree = SDKROOT; };
		788DE0EE293EBB8F00F8A9E8 /* ScreenSaver.framework */ = {isa = PBXFileReference; lastKnownFileType = wrapper.framework; name = ScreenSaver.framework; path = System/Library/Frameworks/ScreenSaver.framework; sourceTree = SDKROOT; };
		788DE0F0293EBBF200F8A9E8 /* add.metal */ = {isa = PBXFileReference; fileEncoding = 4; lastKnownFileType = sourcecode.metal; path = add.metal; sourceTree = "<group>"; };
		788DE0F2293EBC1300F8A9E8 /* MetalAdder.m */ = {isa = PBXFileReference; fileEncoding = 4; lastKnownFileType = sourcecode.c.objc; path = MetalAdder.m; sourceTree = "<group>"; };
		788DE0F3293EBC1300F8A9E8 /* MetalAdder.h */ = {isa = PBXFileReference; fileEncoding = 4; lastKnownFileType = sourcecode.c.h; path = MetalAdder.h; sourceTree = "<group>"; };
/* End PBXFileReference section */

/* Begin PBXFrameworksBuildPhase section */
		788DE0DC293EBB7800F8A9E8 /* Frameworks */ = {
			isa = PBXFrameworksBuildPhase;
			buildActionMask = 2147483647;
			files = (
				788DE0EF293EBB8F00F8A9E8 /* ScreenSaver.framework in Frameworks */,
				788DE0ED293EBB8800F8A9E8 /* Metal.framework in Frameworks */,
			);
			runOnlyForDeploymentPostprocessing = 0;
		};
/* End PBXFrameworksBuildPhase section */

/* Begin PBXGroup section */
		788DE0D5293EBB7800F8A9E8 = {
			isa = PBXGroup;
			children = (
				788DE0E1293EBB7800F8A9E8 /* saver_with_metal */,
				788DE0E0293EBB7800F8A9E8 /* Products */,
				788DE0EB293EBB8800F8A9E8 /* Frameworks */,
			);
			sourceTree = "<group>";
		};
		788DE0E0293EBB7800F8A9E8 /* Products */ = {
			isa = PBXGroup;
			children = (
				788DE0DF293EBB7800F8A9E8 /* saver_with_metal.saver */,
			);
			name = Products;
			sourceTree = "<group>";
		};
		788DE0E1293EBB7800F8A9E8 /* saver_with_metal */ = {
			isa = PBXGroup;
			children = (
				788DE0F3293EBC1300F8A9E8 /* MetalAdder.h */,
				788DE0F2293EBC1300F8A9E8 /* MetalAdder.m */,
				788DE0F0293EBBF200F8A9E8 /* add.metal */,
				788DE0E2293EBB7800F8A9E8 /* saver_with_metalView.h */,
				788DE0E4293EBB7800F8A9E8 /* saver_with_metalView.m */,
			);
			path = saver_with_metal;
			sourceTree = "<group>";
		};
		788DE0EB293EBB8800F8A9E8 /* Frameworks */ = {
			isa = PBXGroup;
			children = (
				788DE0EE293EBB8F00F8A9E8 /* ScreenSaver.framework */,
				788DE0EC293EBB8800F8A9E8 /* Metal.framework */,
			);
			name = Frameworks;
			sourceTree = "<group>";
		};
/* End PBXGroup section */

/* Begin PBXHeadersBuildPhase section */
		788DE0DA293EBB7800F8A9E8 /* Headers */ = {
			isa = PBXHeadersBuildPhase;
			buildActionMask = 2147483647;
			files = (
				788DE0E3293EBB7800F8A9E8 /* saver_with_metalView.h in Headers */,
				788DE0F5293EBC1300F8A9E8 /* MetalAdder.h in Headers */,
			);
			runOnlyForDeploymentPostprocessing = 0;
		};
/* End PBXHeadersBuildPhase section */

/* Begin PBXNativeTarget section */
		788DE0DE293EBB7800F8A9E8 /* saver_with_metal */ = {
			isa = PBXNativeTarget;
			buildConfigurationList = 788DE0E8293EBB7800F8A9E8 /* Build configuration list for PBXNativeTarget "saver_with_metal" */;
			buildPhases = (
				788DE0DA293EBB7800F8A9E8 /* Headers */,
				788DE0DB293EBB7800F8A9E8 /* Sources */,
				788DE0DC293EBB7800F8A9E8 /* Frameworks */,
				788DE0DD293EBB7800F8A9E8 /* Resources */,
			);
			buildRules = (
			);
			dependencies = (
			);
			name = saver_with_metal;
			productName = saver_with_metal;
			productReference = 788DE0DF293EBB7800F8A9E8 /* saver_with_metal.saver */;
			productType = "com.apple.product-type.bundle";
		};
/* End PBXNativeTarget section */

/* Begin PBXProject section */
		788DE0D6293EBB7800F8A9E8 /* Project object */ = {
			isa = PBXProject;
			attributes = {
				BuildIndependentTargetsInParallel = 1;
				LastUpgradeCheck = 1410;
				TargetAttributes = {
					788DE0DE293EBB7800F8A9E8 = {
						CreatedOnToolsVersion = 14.1;
					};
				};
			};
			buildConfigurationList = 788DE0D9293EBB7800F8A9E8 /* Build configuration list for PBXProject "saver_with_metal" */;
			compatibilityVersion = "Xcode 14.0";
			developmentRegion = en;
			hasScannedForEncodings = 0;
			knownRegions = (
				en,
				Base,
			);
			mainGroup = 788DE0D5293EBB7800F8A9E8;
			productRefGroup = 788DE0E0293EBB7800F8A9E8 /* Products */;
			projectDirPath = "";
			projectRoot = "";
			targets = (
				788DE0DE293EBB7800F8A9E8 /* saver_with_metal */,
			);
		};
/* End PBXProject section */

/* Begin PBXResourcesBuildPhase section */
		788DE0DD293EBB7800F8A9E8 /* Resources */ = {
			isa = PBXResourcesBuildPhase;
			buildActionMask = 2147483647;
			files = (
			);
			runOnlyForDeploymentPostprocessing = 0;
		};
/* End PBXResourcesBuildPhase section */

/* Begin PBXSourcesBuildPhase section */
		788DE0DB293EBB7800F8A9E8 /* Sources */ = {
			isa = PBXSourcesBuildPhase;
			buildActionMask = 2147483647;
			files = (
				788DE0F4293EBC1300F8A9E8 /* MetalAdder.m in Sources */,
				788DE0E5293EBB7800F8A9E8 /* saver_with_metalView.m in Sources */,
				788DE101293ED05900F8A9E8 /* add.metal in Sources */,
			);
			runOnlyForDeploymentPostprocessing = 0;
		};
/* End PBXSourcesBuildPhase section */

/* Begin XCBuildConfiguration section */
		788DE0E6293EBB7800F8A9E8 /* Debug */ = {
			isa = XCBuildConfiguration;
			buildSettings = {
				ALWAYS_SEARCH_USER_PATHS = NO;
				CLANG_ANALYZER_NONNULL = YES;
				CLANG_ANALYZER_NUMBER_OBJECT_CONVERSION = YES_AGGRESSIVE;
				CLANG_CXX_LANGUAGE_STANDARD = "gnu++20";
				CLANG_ENABLE_MODULES = YES;
				CLANG_ENABLE_OBJC_ARC = YES;
				CLANG_ENABLE_OBJC_WEAK = YES;
				CLANG_WARN_BLOCK_CAPTURE_AUTORELEASING = YES;
				CLANG_WARN_BOOL_CONVERSION = YES;
				CLANG_WARN_COMMA = YES;
				CLANG_WARN_CONSTANT_CONVERSION = YES;
				CLANG_WARN_DEPRECATED_OBJC_IMPLEMENTATIONS = YES;
				CLANG_WARN_DIRECT_OBJC_ISA_USAGE = YES_ERROR;
				CLANG_WARN_DOCUMENTATION_COMMENTS = YES;
				CLANG_WARN_EMPTY_BODY = YES;
				CLANG_WARN_ENUM_CONVERSION = YES;
				CLANG_WARN_INFINITE_RECURSION = YES;
				CLANG_WARN_INT_CONVERSION = YES;
				CLANG_WARN_NON_LITERAL_NULL_CONVERSION = YES;
				CLANG_WARN_OBJC_IMPLICIT_RETAIN_SELF = YES;
				CLANG_WARN_OBJC_LITERAL_CONVERSION = YES;
				CLANG_WARN_OBJC_ROOT_CLASS = YES_ERROR;
				CLANG_WARN_QUOTED_INCLUDE_IN_FRAMEWORK_HEADER = YES;
				CLANG_WARN_RANGE_LOOP_ANALYSIS = YES;
				CLANG_WARN_STRICT_PROTOTYPES = YES;
				CLANG_WARN_SUSPICIOUS_MOVE = YES;
				CLANG_WARN_UNGUARDED_AVAILABILITY = YES_AGGRESSIVE;
				CLANG_WARN_UNREACHABLE_CODE = YES;
				CLANG_WARN__DUPLICATE_METHOD_MATCH = YES;
				COPY_PHASE_STRIP = NO;
				DEBUG_INFORMATION_FORMAT = dwarf;
				ENABLE_STRICT_OBJC_MSGSEND = YES;
				ENABLE_TESTABILITY = YES;
				GCC_C_LANGUAGE_STANDARD = gnu11;
				GCC_DYNAMIC_NO_PIC = NO;
				GCC_NO_COMMON_BLOCKS = YES;
				GCC_OPTIMIZATION_LEVEL = 0;
				GCC_PREPROCESSOR_DEFINITIONS = (
					"DEBUG=1",
					"$(inherited)",
				);
				GCC_WARN_64_TO_32_BIT_CONVERSION = YES;
				GCC_WARN_ABOUT_RETURN_TYPE = YES_ERROR;
				GCC_WARN_UNDECLARED_SELECTOR = YES;
				GCC_WARN_UNINITIALIZED_AUTOS = YES_AGGRESSIVE;
				GCC_WARN_UNUSED_FUNCTION = YES;
				GCC_WARN_UNUSED_VARIABLE = YES;
				MACOSX_DEPLOYMENT_TARGET = 13.0;
				MTL_ENABLE_DEBUG_INFO = INCLUDE_SOURCE;
				MTL_FAST_MATH = YES;
				ONLY_ACTIVE_ARCH = YES;
				SDKROOT = macosx;
			};
			name = Debug;
		};
		788DE0E7293EBB7800F8A9E8 /* Release */ = {
			isa = XCBuildConfiguration;
			buildSettings = {
				ALWAYS_SEARCH_USER_PATHS = NO;
				CLANG_ANALYZER_NONNULL = YES;
				CLANG_ANALYZER_NUMBER_OBJECT_CONVERSION = YES_AGGRESSIVE;
				CLANG_CXX_LANGUAGE_STANDARD = "gnu++20";
				CLANG_ENABLE_MODULES = YES;
				CLANG_ENABLE_OBJC_ARC = YES;
				CLANG_ENABLE_OBJC_WEAK = YES;
				CLANG_WARN_BLOCK_CAPTURE_AUTORELEASING = YES;
				CLANG_WARN_BOOL_CONVERSION = YES;
				CLANG_WARN_COMMA = YES;
				CLANG_WARN_CONSTANT_CONVERSION = YES;
				CLANG_WARN_DEPRECATED_OBJC_IMPLEMENTATIONS = YES;
				CLANG_WARN_DIRECT_OBJC_ISA_USAGE = YES_ERROR;
				CLANG_WARN_DOCUMENTATION_COMMENTS = YES;
				CLANG_WARN_EMPTY_BODY = YES;
				CLANG_WARN_ENUM_CONVERSION = YES;
				CLANG_WARN_INFINITE_RECURSION = YES;
				CLANG_WARN_INT_CONVERSION = YES;
				CLANG_WARN_NON_LITERAL_NULL_CONVERSION = YES;
				CLANG_WARN_OBJC_IMPLICIT_RETAIN_SELF = YES;
				CLANG_WARN_OBJC_LITERAL_CONVERSION = YES;
				CLANG_WARN_OBJC_ROOT_CLASS = YES_ERROR;
				CLANG_WARN_QUOTED_INCLUDE_IN_FRAMEWORK_HEADER = YES;
				CLANG_WARN_RANGE_LOOP_ANALYSIS = YES;
				CLANG_WARN_STRICT_PROTOTYPES = YES;
				CLANG_WARN_SUSPICIOUS_MOVE = YES;
				CLANG_WARN_UNGUARDED_AVAILABILITY = YES_AGGRESSIVE;
				CLANG_WARN_UNREACHABLE_CODE = YES;
				CLANG_WARN__DUPLICATE_METHOD_MATCH = YES;
				COPY_PHASE_STRIP = NO;
				DEBUG_INFORMATION_FORMAT = "dwarf-with-dsym";
				ENABLE_NS_ASSERTIONS = NO;
				ENABLE_STRICT_OBJC_MSGSEND = YES;
				GCC_C_LANGUAGE_STANDARD = gnu11;
				GCC_NO_COMMON_BLOCKS = YES;
				GCC_WARN_64_TO_32_BIT_CONVERSION = YES;
				GCC_WARN_ABOUT_RETURN_TYPE = YES_ERROR;
				GCC_WARN_UNDECLARED_SELECTOR = YES;
				GCC_WARN_UNINITIALIZED_AUTOS = YES_AGGRESSIVE;
				GCC_WARN_UNUSED_FUNCTION = YES;
				GCC_WARN_UNUSED_VARIABLE = YES;
				MACOSX_DEPLOYMENT_TARGET = 13.0;
				MTL_ENABLE_DEBUG_INFO = NO;
				MTL_FAST_MATH = YES;
				SDKROOT = macosx;
			};
			name = Release;
		};
		788DE0E9293EBB7800F8A9E8 /* Debug */ = {
			isa = XCBuildConfiguration;
			buildSettings = {
				CODE_SIGN_STYLE = Automatic;
				COMBINE_HIDPI_IMAGES = YES;
				CURRENT_PROJECT_VERSION = 1;
				DEVELOPMENT_TEAM = T9HRAN4D3T;
				GENERATE_INFOPLIST_FILE = YES;
				INFOPLIST_KEY_NSHumanReadableCopyright = "";
				INFOPLIST_KEY_NSPrincipalClass = saver_with_metalView;
				INSTALL_PATH = "$(HOME)/Library/Screen Savers";
				MARKETING_VERSION = 1.0;
				PRODUCT_BUNDLE_IDENTIFIER = "ivm.saver-with-metal";
				PRODUCT_NAME = "$(TARGET_NAME)";
				SWIFT_EMIT_LOC_STRINGS = YES;
				WRAPPER_EXTENSION = saver;
			};
			name = Debug;
		};
		788DE0EA293EBB7800F8A9E8 /* Release */ = {
			isa = XCBuildConfiguration;
			buildSettings = {
				CODE_SIGN_STYLE = Automatic;
				COMBINE_HIDPI_IMAGES = YES;
				CURRENT_PROJECT_VERSION = 1;
				DEVELOPMENT_TEAM = T9HRAN4D3T;
				GENERATE_INFOPLIST_FILE = YES;
				INFOPLIST_KEY_NSHumanReadableCopyright = "";
				INFOPLIST_KEY_NSPrincipalClass = saver_with_metalView;
				INSTALL_PATH = "$(HOME)/Library/Screen Savers";
				MARKETING_VERSION = 1.0;
				PRODUCT_BUNDLE_IDENTIFIER = "ivm.saver-with-metal";
				PRODUCT_NAME = "$(TARGET_NAME)";
				SWIFT_EMIT_LOC_STRINGS = YES;
				WRAPPER_EXTENSION = saver;
			};
			name = Release;
		};
/* End XCBuildConfiguration section */

/* Begin XCConfigurationList section */
		788DE0D9293EBB7800F8A9E8 /* Build configuration list for PBXProject "saver_with_metal" */ = {
			isa = XCConfigurationList;
			buildConfigurations = (
				788DE0E6293EBB7800F8A9E8 /* Debug */,
				788DE0E7293EBB7800F8A9E8 /* Release */,
			);
			defaultConfigurationIsVisible = 0;
			defaultConfigurationName = Release;
		};
		788DE0E8293EBB7800F8A9E8 /* Build configuration list for PBXNativeTarget "saver_with_metal" */ = {
			isa = XCConfigurationList;
			buildConfigurations = (
				788DE0E9293EBB7800F8A9E8 /* Debug */,
				788DE0EA293EBB7800F8A9E8 /* Release */,
			);
			defaultConfigurationIsVisible = 0;
			defaultConfigurationName = Release;
		};
/* End XCConfigurationList section */
	};
	rootObject = 788DE0D6293EBB7800F8A9E8 /* Project object */;
}
